
Microsoft Visual Studio Solution File, Format Version 12.00
# Visual Studio 15
VisualStudioVersion = 15.0.27428.2005
MinimumVisualStudioVersion = 10.0.40219.1
Project("{FAE04EC0-301F-11D3-BF4B-00C04F79EFBC}") = "Paket-151.1-error-repro", "Paket-151.1-error-repro\Paket-151.1-error-repro.csproj", "{14BCDEFB-5235-4AE7-8581-84C0A9E4709E}"
EndProject
Global
	GlobalSection(SolutionConfigurationPlatforms) = preSolution
		Debug|Any CPU = Debug|Any CPU
		Release|Any CPU = Release|Any CPU
	EndGlobalSection
	GlobalSection(ProjectConfigurationPlatforms) = postSolution
		{14BCDEFB-5235-4AE7-8581-84C0A9E4709E}.Debug|Any CPU.ActiveCfg = Debug|Any CPU
		{14BCDEFB-5235-4AE7-8581-84C0A9E4709E}.Debug|Any CPU.Build.0 = Debug|Any CPU
		{14BCDEFB-5235-4AE7-8581-84C0A9E4709E}.Release|Any CPU.ActiveCfg = Release|Any CPU
		{14BCDEFB-5235-4AE7-8581-84C0A9E4709E}.Release|Any CPU.Build.0 = Release|Any CPU
	EndGlobalSection
	GlobalSection(SolutionProperties) = preSolution
		HideSolutionNode = FALSE
	EndGlobalSection
	GlobalSection(ExtensibilityGlobals) = postSolution
		SolutionGuid = {FBECD08E-E083-4213-9E0A-802F3FC49405}
	EndGlobalSection
EndGlobal
